
Microsoft Visual Studio Solution File, Format Version 12.00
Project("{FAE04EC0-301F-11D3-BF4B-00C04F79EFBC}") = "WebApp", "WebApp\WebApp.csproj", "{77C639FD-E13B-4AE1-A870-FEFAAD1D5F85}"
EndProject
Project("{FAE04EC0-301F-11D3-BF4B-00C04F79EFBC}") = "DAL.App.DTO", "DAL.App.DTO\DAL.App.DTO.csproj", "{A848C043-DA95-4491-BF7B-B18DB6D39135}"
EndProject
Project("{FAE04EC0-301F-11D3-BF4B-00C04F79EFBC}") = "DAL.App.EF", "DAL.App.EF\DAL.App.EF.csproj", "{7CAB5C3A-F469-4967-B655-90DD39118161}"
EndProject
Project("{FAE04EC0-301F-11D3-BF4B-00C04F79EFBC}") = "Contracts.DAL.App", "Contracts.DAL.App\Contracts.DAL.App.csproj", "{23D58D4F-DA2D-4F11-B0E6-01EFB897E8B1}"
EndProject
Project("{FAE04EC0-301F-11D3-BF4B-00C04F79EFBC}") = "Domain.App", "Domain.App\Domain.App.csproj", "{07BBA5A9-A870-491F-85A2-966296FE7554}"
EndProject
Project("{2150E333-8FDC-42A3-9474-1A3956D46DE8}") = "Base", "Base", "{BF446BF7-DB81-466E-A40A-19FC5E9A085A}"
EndProject
Project("{FAE04EC0-301F-11D3-BF4B-00C04F79EFBC}") = "DAL.Base.EF", "DAL.Base.EF\DAL.Base.EF.csproj", "{D3C81C7F-F3E0-4C78-B4C7-0DA453E30378}"
EndProject
Project("{FAE04EC0-301F-11D3-BF4B-00C04F79EFBC}") = "Domain.Base", "Domain.Base\Domain.Base.csproj", "{262FEED1-7552-43CD-936A-C0A0CFCF4639}"
EndProject
Project("{FAE04EC0-301F-11D3-BF4B-00C04F79EFBC}") = "DAL.Base", "DAL.Base\DAL.Base.csproj", "{E514944B-8026-4D5E-ADEE-ACAE9F5B9FCE}"
EndProject
Project("{FAE04EC0-301F-11D3-BF4B-00C04F79EFBC}") = "Contracts.Domain.Base", "Contracts.Domain.Base\Contracts.Domain.Base.csproj", "{8F051BED-AB91-44C5-9B86-FB5B80E1BEB5}"
EndProject
Project("{FAE04EC0-301F-11D3-BF4B-00C04F79EFBC}") = "Contracts.DAL.Base", "Contracts.DAL.Base\Contracts.DAL.Base.csproj", "{1004973D-7CDF-4F9F-9F22-E7B9A061470E}"
EndProject
Global
	GlobalSection(SolutionConfigurationPlatforms) = preSolution
		Debug|Any CPU = Debug|Any CPU
		Release|Any CPU = Release|Any CPU
	EndGlobalSection
	GlobalSection(ProjectConfigurationPlatforms) = postSolution
		{77C639FD-E13B-4AE1-A870-FEFAAD1D5F85}.Debug|Any CPU.ActiveCfg = Debug|Any CPU
		{77C639FD-E13B-4AE1-A870-FEFAAD1D5F85}.Debug|Any CPU.Build.0 = Debug|Any CPU
		{77C639FD-E13B-4AE1-A870-FEFAAD1D5F85}.Release|Any CPU.ActiveCfg = Release|Any CPU
		{77C639FD-E13B-4AE1-A870-FEFAAD1D5F85}.Release|Any CPU.Build.0 = Release|Any CPU
		{A848C043-DA95-4491-BF7B-B18DB6D39135}.Debug|Any CPU.ActiveCfg = Debug|Any CPU
		{A848C043-DA95-4491-BF7B-B18DB6D39135}.Debug|Any CPU.Build.0 = Debug|Any CPU
		{A848C043-DA95-4491-BF7B-B18DB6D39135}.Release|Any CPU.ActiveCfg = Release|Any CPU
		{A848C043-DA95-4491-BF7B-B18DB6D39135}.Release|Any CPU.Build.0 = Release|Any CPU
		{7CAB5C3A-F469-4967-B655-90DD39118161}.Debug|Any CPU.ActiveCfg = Debug|Any CPU
		{7CAB5C3A-F469-4967-B655-90DD39118161}.Debug|Any CPU.Build.0 = Debug|Any CPU
		{7CAB5C3A-F469-4967-B655-90DD39118161}.Release|Any CPU.ActiveCfg = Release|Any CPU
		{7CAB5C3A-F469-4967-B655-90DD39118161}.Release|Any CPU.Build.0 = Release|Any CPU
		{23D58D4F-DA2D-4F11-B0E6-01EFB897E8B1}.Debug|Any CPU.ActiveCfg = Debug|Any CPU
		{23D58D4F-DA2D-4F11-B0E6-01EFB897E8B1}.Debug|Any CPU.Build.0 = Debug|Any CPU
		{23D58D4F-DA2D-4F11-B0E6-01EFB897E8B1}.Release|Any CPU.ActiveCfg = Release|Any CPU
		{23D58D4F-DA2D-4F11-B0E6-01EFB897E8B1}.Release|Any CPU.Build.0 = Release|Any CPU
		{07BBA5A9-A870-491F-85A2-966296FE7554}.Debug|Any CPU.ActiveCfg = Debug|Any CPU
		{07BBA5A9-A870-491F-85A2-966296FE7554}.Debug|Any CPU.Build.0 = Debug|Any CPU
		{07BBA5A9-A870-491F-85A2-966296FE7554}.Release|Any CPU.ActiveCfg = Release|Any CPU
		{07BBA5A9-A870-491F-85A2-966296FE7554}.Release|Any CPU.Build.0 = Release|Any CPU
		{D3C81C7F-F3E0-4C78-B4C7-0DA453E30378}.Debug|Any CPU.ActiveCfg = Debug|Any CPU
		{D3C81C7F-F3E0-4C78-B4C7-0DA453E30378}.Debug|Any CPU.Build.0 = Debug|Any CPU
		{D3C81C7F-F3E0-4C78-B4C7-0DA453E30378}.Release|Any CPU.ActiveCfg = Release|Any CPU
		{D3C81C7F-F3E0-4C78-B4C7-0DA453E30378}.Release|Any CPU.Build.0 = Release|Any CPU
		{262FEED1-7552-43CD-936A-C0A0CFCF4639}.Debug|Any CPU.ActiveCfg = Debug|Any CPU
		{262FEED1-7552-43CD-936A-C0A0CFCF4639}.Debug|Any CPU.Build.0 = Debug|Any CPU
		{262FEED1-7552-43CD-936A-C0A0CFCF4639}.Release|Any CPU.ActiveCfg = Release|Any CPU
		{262FEED1-7552-43CD-936A-C0A0CFCF4639}.Release|Any CPU.Build.0 = Release|Any CPU
		{E514944B-8026-4D5E-ADEE-ACAE9F5B9FCE}.Debug|Any CPU.ActiveCfg = Debug|Any CPU
		{E514944B-8026-4D5E-ADEE-ACAE9F5B9FCE}.Debug|Any CPU.Build.0 = Debug|Any CPU
		{E514944B-8026-4D5E-ADEE-ACAE9F5B9FCE}.Release|Any CPU.ActiveCfg = Release|Any CPU
		{E514944B-8026-4D5E-ADEE-ACAE9F5B9FCE}.Release|Any CPU.Build.0 = Release|Any CPU
		{8F051BED-AB91-44C5-9B86-FB5B80E1BEB5}.Debug|Any CPU.ActiveCfg = Debug|Any CPU
		{8F051BED-AB91-44C5-9B86-FB5B80E1BEB5}.Debug|Any CPU.Build.0 = Debug|Any CPU
		{8F051BED-AB91-44C5-9B86-FB5B80E1BEB5}.Release|Any CPU.ActiveCfg = Release|Any CPU
		{8F051BED-AB91-44C5-9B86-FB5B80E1BEB5}.Release|Any CPU.Build.0 = Release|Any CPU
		{1004973D-7CDF-4F9F-9F22-E7B9A061470E}.Debug|Any CPU.ActiveCfg = Debug|Any CPU
		{1004973D-7CDF-4F9F-9F22-E7B9A061470E}.Debug|Any CPU.Build.0 = Debug|Any CPU
		{1004973D-7CDF-4F9F-9F22-E7B9A061470E}.Release|Any CPU.ActiveCfg = Release|Any CPU
		{1004973D-7CDF-4F9F-9F22-E7B9A061470E}.Release|Any CPU.Build.0 = Release|Any CPU
	EndGlobalSection
	GlobalSection(NestedProjects) = preSolution
		{D3C81C7F-F3E0-4C78-B4C7-0DA453E30378} = {BF446BF7-DB81-466E-A40A-19FC5E9A085A}
		{262FEED1-7552-43CD-936A-C0A0CFCF4639} = {BF446BF7-DB81-466E-A40A-19FC5E9A085A}
		{E514944B-8026-4D5E-ADEE-ACAE9F5B9FCE} = {BF446BF7-DB81-466E-A40A-19FC5E9A085A}
		{8F051BED-AB91-44C5-9B86-FB5B80E1BEB5} = {BF446BF7-DB81-466E-A40A-19FC5E9A085A}
		{1004973D-7CDF-4F9F-9F22-E7B9A061470E} = {BF446BF7-DB81-466E-A40A-19FC5E9A085A}
	EndGlobalSection
EndGlobal
